// !$*UTF8*$!
{
	archiveVersion = 1;
	classes = {
	};
	objectVersion = 50;
	objects = {

/* Begin PBXBuildFile section */
		09F57895225B349300157F98 /* AppDelegate.swift in Sources */ = {isa = PBXBuildFile; fileRef = 09F57894225B349300157F98 /* AppDelegate.swift */; };
		09F57897225B349300157F98 /* ViewController.swift in Sources */ = {isa = PBXBuildFile; fileRef = 09F57896225B349300157F98 /* ViewController.swift */; };
		09F5789A225B349300157F98 /* Main.storyboard in Resources */ = {isa = PBXBuildFile; fileRef = 09F57898225B349300157F98 /* Main.storyboard */; };
		09F5789C225B349400157F98 /* Assets.xcassets in Resources */ = {isa = PBXBuildFile; fileRef = 09F5789B225B349400157F98 /* Assets.xcassets */; };
		09F5789F225B349400157F98 /* LaunchScreen.storyboard in Resources */ = {isa = PBXBuildFile; fileRef = 09F5789D225B349400157F98 /* LaunchScreen.storyboard */; };
		09F578AA225B349400157F98 /* FavouritePlacesTests.swift in Sources */ = {isa = PBXBuildFile; fileRef = 09F578A9225B349400157F98 /* FavouritePlacesTests.swift */; };
		09F578B5225B349400157F98 /* FavouritePlacesUITests.swift in Sources */ = {isa = PBXBuildFile; fileRef = 09F578B4225B349400157F98 /* FavouritePlacesUITests.swift */; };
/* End PBXBuildFile section */

/* Begin PBXContainerItemProxy section */
		09F578A6225B349400157F98 /* PBXContainerItemProxy */ = {
			isa = PBXContainerItemProxy;
			containerPortal = 09F57889225B349300157F98 /* Project object */;
			proxyType = 1;
			remoteGlobalIDString = 09F57890225B349300157F98;
			remoteInfo = FavouritePlaces;
		};
		09F578B1225B349400157F98 /* PBXContainerItemProxy */ = {
			isa = PBXContainerItemProxy;
			containerPortal = 09F57889225B349300157F98 /* Project object */;
			proxyType = 1;
			remoteGlobalIDString = 09F57890225B349300157F98;
			remoteInfo = FavouritePlaces;
		};
/* End PBXContainerItemProxy section */

/* Begin PBXFileReference section */
		09F57891225B349300157F98 /* FavouritePlaces.app */ = {isa = PBXFileReference; explicitFileType = wrapper.application; includeInIndex = 0; path = FavouritePlaces.app; sourceTree = BUILT_PRODUCTS_DIR; };
		09F57894225B349300157F98 /* AppDelegate.swift */ = {isa = PBXFileReference; lastKnownFileType = sourcecode.swift; path = AppDelegate.swift; sourceTree = "<group>"; };
		09F57896225B349300157F98 /* ViewController.swift */ = {isa = PBXFileReference; lastKnownFileType = sourcecode.swift; path = ViewController.swift; sourceTree = "<group>"; };
		09F57899225B349300157F98 /* Base */ = {isa = PBXFileReference; lastKnownFileType = file.storyboard; name = Base; path = Base.lproj/Main.storyboard; sourceTree = "<group>"; };
		09F5789B225B349400157F98 /* Assets.xcassets */ = {isa = PBXFileReference; lastKnownFileType = folder.assetcatalog; path = Assets.xcassets; sourceTree = "<group>"; };
		09F5789E225B349400157F98 /* Base */ = {isa = PBXFileReference; lastKnownFileType = file.storyboard; name = Base; path = Base.lproj/LaunchScreen.storyboard; sourceTree = "<group>"; };
		09F578A0225B349400157F98 /* Info.plist */ = {isa = PBXFileReference; lastKnownFileType = text.plist.xml; path = Info.plist; sourceTree = "<group>"; };
		09F578A5225B349400157F98 /* FavouritePlacesTests.xctest */ = {isa = PBXFileReference; explicitFileType = wrapper.cfbundle; includeInIndex = 0; path = FavouritePlacesTests.xctest; sourceTree = BUILT_PRODUCTS_DIR; };
		09F578A9225B349400157F98 /* FavouritePlacesTests.swift */ = {isa = PBXFileReference; lastKnownFileType = sourcecode.swift; path = FavouritePlacesTests.swift; sourceTree = "<group>"; };
		09F578AB225B349400157F98 /* Info.plist */ = {isa = PBXFileReference; lastKnownFileType = text.plist.xml; path = Info.plist; sourceTree = "<group>"; };
		09F578B0225B349400157F98 /* FavouritePlacesUITests.xctest */ = {isa = PBXFileReference; explicitFileType = wrapper.cfbundle; includeInIndex = 0; path = FavouritePlacesUITests.xctest; sourceTree = BUILT_PRODUCTS_DIR; };
		09F578B4225B349400157F98 /* FavouritePlacesUITests.swift */ = {isa = PBXFileReference; lastKnownFileType = sourcecode.swift; path = FavouritePlacesUITests.swift; sourceTree = "<group>"; };
		09F578B6225B349400157F98 /* Info.plist */ = {isa = PBXFileReference; lastKnownFileType = text.plist.xml; path = Info.plist; sourceTree = "<group>"; };
/* End PBXFileReference section */

/* Begin PBXFrameworksBuildPhase section */
		09F5788E225B349300157F98 /* Frameworks */ = {
			isa = PBXFrameworksBuildPhase;
			buildActionMask = 2147483647;
			files = (
			);
			runOnlyForDeploymentPostprocessing = 0;
		};
		09F578A2225B349400157F98 /* Frameworks */ = {
			isa = PBXFrameworksBuildPhase;
			buildActionMask = 2147483647;
			files = (
			);
			runOnlyForDeploymentPostprocessing = 0;
		};
		09F578AD225B349400157F98 /* Frameworks */ = {
			isa = PBXFrameworksBuildPhase;
			buildActionMask = 2147483647;
			files = (
			);
			runOnlyForDeploymentPostprocessing = 0;
		};
/* End PBXFrameworksBuildPhase section */

/* Begin PBXGroup section */
		09F57888225B349300157F98 = {
			isa = PBXGroup;
			children = (
				09F57893225B349300157F98 /* FavouritePlaces */,
				09F578A8225B349400157F98 /* FavouritePlacesTests */,
				09F578B3225B349400157F98 /* FavouritePlacesUITests */,
				09F57892225B349300157F98 /* Products */,
			);
			sourceTree = "<group>";
		};
		09F57892225B349300157F98 /* Products */ = {
			isa = PBXGroup;
			children = (
				09F57891225B349300157F98 /* FavouritePlaces.app */,
				09F578A5225B349400157F98 /* FavouritePlacesTests.xctest */,
				09F578B0225B349400157F98 /* FavouritePlacesUITests.xctest */,
			);
			name = Products;
			sourceTree = "<group>";
		};
		09F57893225B349300157F98 /* FavouritePlaces */ = {
			isa = PBXGroup;
			children = (
				09F57894225B349300157F98 /* AppDelegate.swift */,
				09F57896225B349300157F98 /* ViewController.swift */,
				09F57898225B349300157F98 /* Main.storyboard */,
				09F5789B225B349400157F98 /* Assets.xcassets */,
				09F5789D225B349400157F98 /* LaunchScreen.storyboard */,
				09F578A0225B349400157F98 /* Info.plist */,
			);
			path = FavouritePlaces;
			sourceTree = "<group>";
		};
		09F578A8225B349400157F98 /* FavouritePlacesTests */ = {
			isa = PBXGroup;
			children = (
				09F578A9225B349400157F98 /* FavouritePlacesTests.swift */,
				09F578AB225B349400157F98 /* Info.plist */,
			);
			path = FavouritePlacesTests;
			sourceTree = "<group>";
		};
		09F578B3225B349400157F98 /* FavouritePlacesUITests */ = {
			isa = PBXGroup;
			children = (
				09F578B4225B349400157F98 /* FavouritePlacesUITests.swift */,
				09F578B6225B349400157F98 /* Info.plist */,
			);
			path = FavouritePlacesUITests;
			sourceTree = "<group>";
		};
/* End PBXGroup section */

/* Begin PBXNativeTarget section */
		09F57890225B349300157F98 /* FavouritePlaces */ = {
			isa = PBXNativeTarget;
			buildConfigurationList = 09F578B9225B349400157F98 /* Build configuration list for PBXNativeTarget "FavouritePlaces" */;
			buildPhases = (
				09F5788D225B349300157F98 /* Sources */,
				09F5788E225B349300157F98 /* Frameworks */,
				09F5788F225B349300157F98 /* Resources */,
			);
			buildRules = (
			);
			dependencies = (
			);
			name = FavouritePlaces;
			productName = FavouritePlaces;
			productReference = 09F57891225B349300157F98 /* FavouritePlaces.app */;
			productType = "com.apple.product-type.application";
		};
		09F578A4225B349400157F98 /* FavouritePlacesTests */ = {
			isa = PBXNativeTarget;
			buildConfigurationList = 09F578BC225B349400157F98 /* Build configuration list for PBXNativeTarget "FavouritePlacesTests" */;
			buildPhases = (
				09F578A1225B349400157F98 /* Sources */,
				09F578A2225B349400157F98 /* Frameworks */,
				09F578A3225B349400157F98 /* Resources */,
			);
			buildRules = (
			);
			dependencies = (
				09F578A7225B349400157F98 /* PBXTargetDependency */,
			);
			name = FavouritePlacesTests;
			productName = FavouritePlacesTests;
			productReference = 09F578A5225B349400157F98 /* FavouritePlacesTests.xctest */;
			productType = "com.apple.product-type.bundle.unit-test";
		};
		09F578AF225B349400157F98 /* FavouritePlacesUITests */ = {
			isa = PBXNativeTarget;
			buildConfigurationList = 09F578BF225B349400157F98 /* Build configuration list for PBXNativeTarget "FavouritePlacesUITests" */;
			buildPhases = (
				09F578AC225B349400157F98 /* Sources */,
				09F578AD225B349400157F98 /* Frameworks */,
				09F578AE225B349400157F98 /* Resources */,
			);
			buildRules = (
			);
			dependencies = (
				09F578B2225B349400157F98 /* PBXTargetDependency */,
			);
			name = FavouritePlacesUITests;
			productName = FavouritePlacesUITests;
			productReference = 09F578B0225B349400157F98 /* FavouritePlacesUITests.xctest */;
			productType = "com.apple.product-type.bundle.ui-testing";
		};
/* End PBXNativeTarget section */

/* Begin PBXProject section */
		09F57889225B349300157F98 /* Project object */ = {
			isa = PBXProject;
			attributes = {
				LastSwiftUpdateCheck = 0940;
				LastUpgradeCheck = 0940;
				ORGANIZATIONNAME = "Kane Clerke";
				TargetAttributes = {
					09F57890225B349300157F98 = {
						CreatedOnToolsVersion = 9.4;
					};
					09F578A4225B349400157F98 = {
						CreatedOnToolsVersion = 9.4;
						TestTargetID = 09F57890225B349300157F98;
					};
					09F578AF225B349400157F98 = {
						CreatedOnToolsVersion = 9.4;
						TestTargetID = 09F57890225B349300157F98;
					};
				};
			};
			buildConfigurationList = 09F5788C225B349300157F98 /* Build configuration list for PBXProject "FavouritePlaces" */;
			compatibilityVersion = "Xcode 9.3";
			developmentRegion = en;
			hasScannedForEncodings = 0;
			knownRegions = (
				en,
				Base,
			);
			mainGroup = 09F57888225B349300157F98;
			productRefGroup = 09F57892225B349300157F98 /* Products */;
			projectDirPath = "";
			projectRoot = "";
			targets = (
				09F57890225B349300157F98 /* FavouritePlaces */,
				09F578A4225B349400157F98 /* FavouritePlacesTests */,
				09F578AF225B349400157F98 /* FavouritePlacesUITests */,
			);
		};
/* End PBXProject section */

/* Begin PBXResourcesBuildPhase section */
		09F5788F225B349300157F98 /* Resources */ = {
			isa = PBXResourcesBuildPhase;
			buildActionMask = 2147483647;
			files = (
				09F5789F225B349400157F98 /* LaunchScreen.storyboard in Resources */,
				09F5789C225B349400157F98 /* Assets.xcassets in Resources */,
				09F5789A225B349300157F98 /* Main.storyboard in Resources */,
			);
			runOnlyForDeploymentPostprocessing = 0;
		};
		09F578A3225B349400157F98 /* Resources */ = {
			isa = PBXResourcesBuildPhase;
			buildActionMask = 2147483647;
			files = (
			);
			runOnlyForDeploymentPostprocessing = 0;
		};
		09F578AE225B349400157F98 /* Resources */ = {
			isa = PBXResourcesBuildPhase;
			buildActionMask = 2147483647;
			files = (
			);
			runOnlyForDeploymentPostprocessing = 0;
		};
/* End PBXResourcesBuildPhase section */

/* Begin PBXSourcesBuildPhase section */
		09F5788D225B349300157F98 /* Sources */ = {
			isa = PBXSourcesBuildPhase;
			buildActionMask = 2147483647;
			files = (
				09F57897225B349300157F98 /* ViewController.swift in Sources */,
				09F57895225B349300157F98 /* AppDelegate.swift in Sources */,
			);
			runOnlyForDeploymentPostprocessing = 0;
		};
		09F578A1225B349400157F98 /* Sources */ = {
			isa = PBXSourcesBuildPhase;
			buildActionMask = 2147483647;
			files = (
				09F578AA225B349400157F98 /* FavouritePlacesTests.swift in Sources */,
			);
			runOnlyForDeploymentPostprocessing = 0;
		};
		09F578AC225B349400157F98 /* Sources */ = {
			isa = PBXSourcesBuildPhase;
			buildActionMask = 2147483647;
			files = (
				09F578B5225B349400157F98 /* FavouritePlacesUITests.swift in Sources */,
			);
			runOnlyForDeploymentPostprocessing = 0;
		};
/* End PBXSourcesBuildPhase section */

/* Begin PBXTargetDependency section */
		09F578A7225B349400157F98 /* PBXTargetDependency */ = {
			isa = PBXTargetDependency;
			target = 09F57890225B349300157F98 /* FavouritePlaces */;
			targetProxy = 09F578A6225B349400157F98 /* PBXContainerItemProxy */;
		};
		09F578B2225B349400157F98 /* PBXTargetDependency */ = {
			isa = PBXTargetDependency;
			target = 09F57890225B349300157F98 /* FavouritePlaces */;
			targetProxy = 09F578B1225B349400157F98 /* PBXContainerItemProxy */;
		};
/* End PBXTargetDependency section */

/* Begin PBXVariantGroup section */
		09F57898225B349300157F98 /* Main.storyboard */ = {
			isa = PBXVariantGroup;
			children = (
				09F57899225B349300157F98 /* Base */,
			);
			name = Main.storyboard;
			sourceTree = "<group>";
		};
		09F5789D225B349400157F98 /* LaunchScreen.storyboard */ = {
			isa = PBXVariantGroup;
			children = (
				09F5789E225B349400157F98 /* Base */,
			);
			name = LaunchScreen.storyboard;
			sourceTree = "<group>";
		};
/* End PBXVariantGroup section */

/* Begin XCBuildConfiguration section */
		09F578B7225B349400157F98 /* Debug */ = {
			isa = XCBuildConfiguration;
			buildSettings = {
				ALWAYS_SEARCH_USER_PATHS = NO;
				CLANG_ANALYZER_NONNULL = YES;
				CLANG_ANALYZER_NUMBER_OBJECT_CONVERSION = YES_AGGRESSIVE;
				CLANG_CXX_LANGUAGE_STANDARD = "gnu++14";
				CLANG_CXX_LIBRARY = "libc++";
				CLANG_ENABLE_MODULES = YES;
				CLANG_ENABLE_OBJC_ARC = YES;
				CLANG_ENABLE_OBJC_WEAK = YES;
				CLANG_WARN_BLOCK_CAPTURE_AUTORELEASING = YES;
				CLANG_WARN_BOOL_CONVERSION = YES;
				CLANG_WARN_COMMA = YES;
				CLANG_WARN_CONSTANT_CONVERSION = YES;
				CLANG_WARN_DEPRECATED_OBJC_IMPLEMENTATIONS = YES;
				CLANG_WARN_DIRECT_OBJC_ISA_USAGE = YES_ERROR;
				CLANG_WARN_DOCUMENTATION_COMMENTS = YES;
				CLANG_WARN_EMPTY_BODY = YES;
				CLANG_WARN_ENUM_CONVERSION = YES;
				CLANG_WARN_INFINITE_RECURSION = YES;
				CLANG_WARN_INT_CONVERSION = YES;
				CLANG_WARN_NON_LITERAL_NULL_CONVERSION = YES;
				CLANG_WARN_OBJC_IMPLICIT_RETAIN_SELF = YES;
				CLANG_WARN_OBJC_LITERAL_CONVERSION = YES;
				CLANG_WARN_OBJC_ROOT_CLASS = YES_ERROR;
				CLANG_WARN_RANGE_LOOP_ANALYSIS = YES;
				CLANG_WARN_STRICT_PROTOTYPES = YES;
				CLANG_WARN_SUSPICIOUS_MOVE = YES;
				CLANG_WARN_UNGUARDED_AVAILABILITY = YES_AGGRESSIVE;
				CLANG_WARN_UNREACHABLE_CODE = YES;
				CLANG_WARN__DUPLICATE_METHOD_MATCH = YES;
				CODE_SIGN_IDENTITY = "iPhone Developer";
				COPY_PHASE_STRIP = NO;
				DEBUG_INFORMATION_FORMAT = dwarf;
				ENABLE_STRICT_OBJC_MSGSEND = YES;
				ENABLE_TESTABILITY = YES;
				GCC_C_LANGUAGE_STANDARD = gnu11;
				GCC_DYNAMIC_NO_PIC = NO;
				GCC_NO_COMMON_BLOCKS = YES;
				GCC_OPTIMIZATION_LEVEL = 0;
				GCC_PREPROCESSOR_DEFINITIONS = (
					"DEBUG=1",
					"$(inherited)",
				);
				GCC_WARN_64_TO_32_BIT_CONVERSION = YES;
				GCC_WARN_ABOUT_RETURN_TYPE = YES_ERROR;
				GCC_WARN_UNDECLARED_SELECTOR = YES;
				GCC_WARN_UNINITIALIZED_AUTOS = YES_AGGRESSIVE;
				GCC_WARN_UNUSED_FUNCTION = YES;
				GCC_WARN_UNUSED_VARIABLE = YES;
				IPHONEOS_DEPLOYMENT_TARGET = 11.4;
				MTL_ENABLE_DEBUG_INFO = YES;
				ONLY_ACTIVE_ARCH = YES;
				SDKROOT = iphoneos;
				SWIFT_ACTIVE_COMPILATION_CONDITIONS = DEBUG;
				SWIFT_OPTIMIZATION_LEVEL = "-Onone";
			};
			name = Debug;
		};
		09F578B8225B349400157F98 /* Release */ = {
			isa = XCBuildConfiguration;
			buildSettings = {
				ALWAYS_SEARCH_USER_PATHS = NO;
				CLANG_ANALYZER_NONNULL = YES;
				CLANG_ANALYZER_NUMBER_OBJECT_CONVERSION = YES_AGGRESSIVE;
				CLANG_CXX_LANGUAGE_STANDARD = "gnu++14";
				CLANG_CXX_LIBRARY = "libc++";
				CLANG_ENABLE_MODULES = YES;
				CLANG_ENABLE_OBJC_ARC = YES;
				CLANG_ENABLE_OBJC_WEAK = YES;
				CLANG_WARN_BLOCK_CAPTURE_AUTORELEASING = YES;
				CLANG_WARN_BOOL_CONVERSION = YES;
				CLANG_WARN_COMMA = YES;
				CLANG_WARN_CONSTANT_CONVERSION = YES;
				CLANG_WARN_DEPRECATED_OBJC_IMPLEMENTATIONS = YES;
				CLANG_WARN_DIRECT_OBJC_ISA_USAGE = YES_ERROR;
				CLANG_WARN_DOCUMENTATION_COMMENTS = YES;
				CLANG_WARN_EMPTY_BODY = YES;
				CLANG_WARN_ENUM_CONVERSION = YES;
				CLANG_WARN_INFINITE_RECURSION = YES;
				CLANG_WARN_INT_CONVERSION = YES;
				CLANG_WARN_NON_LITERAL_NULL_CONVERSION = YES;
				CLANG_WARN_OBJC_IMPLICIT_RETAIN_SELF = YES;
				CLANG_WARN_OBJC_LITERAL_CONVERSION = YES;
				CLANG_WARN_OBJC_ROOT_CLASS = YES_ERROR;
				CLANG_WARN_RANGE_LOOP_ANALYSIS = YES;
				CLANG_WARN_STRICT_PROTOTYPES = YES;
				CLANG_WARN_SUSPICIOUS_MOVE = YES;
				CLANG_WARN_UNGUARDED_AVAILABILITY = YES_AGGRESSIVE;
				CLANG_WARN_UNREACHABLE_CODE = YES;
				CLANG_WARN__DUPLICATE_METHOD_MATCH = YES;
				CODE_SIGN_IDENTITY = "iPhone Developer";
				COPY_PHASE_STRIP = NO;
				DEBUG_INFORMATION_FORMAT = "dwarf-with-dsym";
				ENABLE_NS_ASSERTIONS = NO;
				ENABLE_STRICT_OBJC_MSGSEND = YES;
				GCC_C_LANGUAGE_STANDARD = gnu11;
				GCC_NO_COMMON_BLOCKS = YES;
				GCC_WARN_64_TO_32_BIT_CONVERSION = YES;
				GCC_WARN_ABOUT_RETURN_TYPE = YES_ERROR;
				GCC_WARN_UNDECLARED_SELECTOR = YES;
				GCC_WARN_UNINITIALIZED_AUTOS = YES_AGGRESSIVE;
				GCC_WARN_UNUSED_FUNCTION = YES;
				GCC_WARN_UNUSED_VARIABLE = YES;
				IPHONEOS_DEPLOYMENT_TARGET = 11.4;
				MTL_ENABLE_DEBUG_INFO = NO;
				SDKROOT = iphoneos;
				SWIFT_COMPILATION_MODE = wholemodule;
				SWIFT_OPTIMIZATION_LEVEL = "-O";
				VALIDATE_PRODUCT = YES;
			};
			name = Release;
		};
		09F578BA225B349400157F98 /* Debug */ = {
			isa = XCBuildConfiguration;
			buildSettings = {
				ASSETCATALOG_COMPILER_APPICON_NAME = AppIcon;
				CODE_SIGN_STYLE = Automatic;
				DEVELOPMENT_TEAM = YN5Y554WZG;
				INFOPLIST_FILE = FavouritePlaces/Info.plist;
				LD_RUNPATH_SEARCH_PATHS = (
					"$(inherited)",
					"@executable_path/Frameworks",
				);
				PRODUCT_BUNDLE_IDENTIFIER = Kane.FavouritePlaces;
				PRODUCT_NAME = "$(TARGET_NAME)";
				SWIFT_VERSION = 4.0;
				TARGETED_DEVICE_FAMILY = "1,2";
			};
			name = Debug;
		};
		09F578BB225B349400157F98 /* Release */ = {
			isa = XCBuildConfiguration;
			buildSettings = {
				ASSETCATALOG_COMPILER_APPICON_NAME = AppIcon;
				CODE_SIGN_STYLE = Automatic;
				DEVELOPMENT_TEAM = YN5Y554WZG;
				INFOPLIST_FILE = FavouritePlaces/Info.plist;
				LD_RUNPATH_SEARCH_PATHS = (
					"$(inherited)",
					"@executable_path/Frameworks",
				);
				PRODUCT_BUNDLE_IDENTIFIER = Kane.FavouritePlaces;
				PRODUCT_NAME = "$(TARGET_NAME)";
				SWIFT_VERSION = 4.0;
				TARGETED_DEVICE_FAMILY = "1,2";
			};
			name = Release;
		};
		09F578BD225B349400157F98 /* Debug */ = {
			isa = XCBuildConfiguration;
			buildSettings = {
				ALWAYS_EMBED_SWIFT_STANDARD_LIBRARIES = YES;
				BUNDLE_LOADER = "$(TEST_HOST)";
				CODE_SIGN_STYLE = Automatic;
				DEVELOPMENT_TEAM = YN5Y554WZG;
				INFOPLIST_FILE = FavouritePlacesTests/Info.plist;
				LD_RUNPATH_SEARCH_PATHS = (
					"$(inherited)",
					"@executable_path/Frameworks",
					"@loader_path/Frameworks",
				);
				PRODUCT_BUNDLE_IDENTIFIER = Kane.FavouritePlacesTests;
				PRODUCT_NAME = "$(TARGET_NAME)";
				SWIFT_VERSION = 4.0;
				TARGETED_DEVICE_FAMILY = "1,2";
				TEST_HOST = "$(BUILT_PRODUCTS_DIR)/FavouritePlaces.app/FavouritePlaces";
			};
			name = Debug;
		};
		09F578BE225B349400157F98 /* Release */ = {
			isa = XCBuildConfiguration;
			buildSettings = {
				ALWAYS_EMBED_SWIFT_STANDARD_LIBRARIES = YES;
				BUNDLE_LOADER = "$(TEST_HOST)";
				CODE_SIGN_STYLE = Automatic;
				DEVELOPMENT_TEAM = YN5Y554WZG;
				INFOPLIST_FILE = FavouritePlacesTests/Info.plist;
				LD_RUNPATH_SEARCH_PATHS = (
					"$(inherited)",
					"@executable_path/Frameworks",
					"@loader_path/Frameworks",
				);
				PRODUCT_BUNDLE_IDENTIFIER = Kane.FavouritePlacesTests;
				PRODUCT_NAME = "$(TARGET_NAME)";
				SWIFT_VERSION = 4.0;
				TARGETED_DEVICE_FAMILY = "1,2";
				TEST_HOST = "$(BUILT_PRODUCTS_DIR)/FavouritePlaces.app/FavouritePlaces";
			};
			name = Release;
		};
		09F578C0225B349400157F98 /* Debug */ = {
			isa = XCBuildConfiguration;
			buildSettings = {
				ALWAYS_EMBED_SWIFT_STANDARD_LIBRARIES = YES;
				CODE_SIGN_STYLE = Automatic;
				DEVELOPMENT_TEAM = YN5Y554WZG;
				INFOPLIST_FILE = FavouritePlacesUITests/Info.plist;
				LD_RUNPATH_SEARCH_PATHS = (
					"$(inherited)",
					"@executable_path/Frameworks",
					"@loader_path/Frameworks",
				);
				PRODUCT_BUNDLE_IDENTIFIER = Kane.FavouritePlacesUITests;
				PRODUCT_NAME = "$(TARGET_NAME)";
				SWIFT_VERSION = 4.0;
				TARGETED_DEVICE_FAMILY = "1,2";
				TEST_TARGET_NAME = FavouritePlaces;
			};
			name = Debug;
		};
		09F578C1225B349400157F98 /* Release */ = {
			isa = XCBuildConfiguration;
			buildSettings = {
				ALWAYS_EMBED_SWIFT_STANDARD_LIBRARIES = YES;
				CODE_SIGN_STYLE = Automatic;
				DEVELOPMENT_TEAM = YN5Y554WZG;
				INFOPLIST_FILE = FavouritePlacesUITests/Info.plist;
				LD_RUNPATH_SEARCH_PATHS = (
					"$(inherited)",
					"@executable_path/Frameworks",
					"@loader_path/Frameworks",
				);
				PRODUCT_BUNDLE_IDENTIFIER = Kane.FavouritePlacesUITests;
				PRODUCT_NAME = "$(TARGET_NAME)";
				SWIFT_VERSION = 4.0;
				TARGETED_DEVICE_FAMILY = "1,2";
				TEST_TARGET_NAME = FavouritePlaces;
			};
			name = Release;
		};
/* End XCBuildConfiguration section */

/* Begin XCConfigurationList section */
		09F5788C225B349300157F98 /* Build configuration list for PBXProject "FavouritePlaces" */ = {
			isa = XCConfigurationList;
			buildConfigurations = (
				09F578B7225B349400157F98 /* Debug */,
				09F578B8225B349400157F98 /* Release */,
			);
			defaultConfigurationIsVisible = 0;
			defaultConfigurationName = Release;
		};
		09F578B9225B349400157F98 /* Build configuration list for PBXNativeTarget "FavouritePlaces" */ = {
			isa = XCConfigurationList;
			buildConfigurations = (
				09F578BA225B349400157F98 /* Debug */,
				09F578BB225B349400157F98 /* Release */,
			);
			defaultConfigurationIsVisible = 0;
			defaultConfigurationName = Release;
		};
		09F578BC225B349400157F98 /* Build configuration list for PBXNativeTarget "FavouritePlacesTests" */ = {
			isa = XCConfigurationList;
			buildConfigurations = (
				09F578BD225B349400157F98 /* Debug */,
				09F578BE225B349400157F98 /* Release */,
			);
			defaultConfigurationIsVisible = 0;
			defaultConfigurationName = Release;
		};
		09F578BF225B349400157F98 /* Build configuration list for PBXNativeTarget "FavouritePlacesUITests" */ = {
			isa = XCConfigurationList;
			buildConfigurations = (
				09F578C0225B349400157F98 /* Debug */,
				09F578C1225B349400157F98 /* Release */,
			);
			defaultConfigurationIsVisible = 0;
			defaultConfigurationName = Release;
		};
/* End XCConfigurationList section */
	};
	rootObject = 09F57889225B349300157F98 /* Project object */;
}
